// !$*UTF8*$!
{
	archiveVersion = 1;
	classes = {
	};
	objectVersion = 56;
	objects = {

/* Begin PBXBuildFile section */
		B2C3C20B2A10B0E000608318 /* AppDelegate.swift in Sources */ = {isa = PBXBuildFile; fileRef = B2C3C20A2A10B0E000608318 /* AppDelegate.swift */; };
		B2C3C20D2A10B0E000608318 /* SceneDelegate.swift in Sources */ = {isa = PBXBuildFile; fileRef = B2C3C20C2A10B0E000608318 /* SceneDelegate.swift */; };
		B2C3C20F2A10B0E000608318 /* ViewController.swift in Sources */ = {isa = PBXBuildFile; fileRef = B2C3C20E2A10B0E000608318 /* ViewController.swift */; };
		B2C3C2122A10B0E000608318 /* Main.storyboard in Resources */ = {isa = PBXBuildFile; fileRef = B2C3C2102A10B0E000608318 /* Main.storyboard */; };
		B2C3C2142A10B0E100608318 /* Assets.xcassets in Resources */ = {isa = PBXBuildFile; fileRef = B2C3C2132A10B0E100608318 /* Assets.xcassets */; };
		B2C3C2172A10B0E100608318 /* LaunchScreen.storyboard in Resources */ = {isa = PBXBuildFile; fileRef = B2C3C2152A10B0E100608318 /* LaunchScreen.storyboard */; };
		B2C3C2222A10B0E100608318 /* CA_Tech_Dojo_LoginView_UIKitTests.swift in Sources */ = {isa = PBXBuildFile; fileRef = B2C3C2212A10B0E100608318 /* CA_Tech_Dojo_LoginView_UIKitTests.swift */; };
		B2C3C22C2A10B0E100608318 /* CA_Tech_Dojo_LoginView_UIKitUITests.swift in Sources */ = {isa = PBXBuildFile; fileRef = B2C3C22B2A10B0E100608318 /* CA_Tech_Dojo_LoginView_UIKitUITests.swift */; };
		B2C3C22E2A10B0E100608318 /* CA_Tech_Dojo_LoginView_UIKitUITestsLaunchTests.swift in Sources */ = {isa = PBXBuildFile; fileRef = B2C3C22D2A10B0E100608318 /* CA_Tech_Dojo_LoginView_UIKitUITestsLaunchTests.swift */; };
		B2C3C23C2A10B21500608318 /* SnapKit in Frameworks */ = {isa = PBXBuildFile; productRef = B2C3C23B2A10B21500608318 /* SnapKit */; };
		B2C3C23F2A10B22900608318 /* CombineCocoa in Frameworks */ = {isa = PBXBuildFile; productRef = B2C3C23E2A10B22900608318 /* CombineCocoa */; };
/* End PBXBuildFile section */

/* Begin PBXContainerItemProxy section */
		B2C3C21E2A10B0E100608318 /* PBXContainerItemProxy */ = {
			isa = PBXContainerItemProxy;
			containerPortal = B2C3C1FF2A10B0E000608318 /* Project object */;
			proxyType = 1;
			remoteGlobalIDString = B2C3C2062A10B0E000608318;
			remoteInfo = "CA-Tech-Dojo-LoginView-UIKit";
		};
		B2C3C2282A10B0E100608318 /* PBXContainerItemProxy */ = {
			isa = PBXContainerItemProxy;
			containerPortal = B2C3C1FF2A10B0E000608318 /* Project object */;
			proxyType = 1;
			remoteGlobalIDString = B2C3C2062A10B0E000608318;
			remoteInfo = "CA-Tech-Dojo-LoginView-UIKit";
		};
/* End PBXContainerItemProxy section */

/* Begin PBXFileReference section */
		B2C3C2072A10B0E000608318 /* CA-Tech-Dojo-LoginView-UIKit.app */ = {isa = PBXFileReference; explicitFileType = wrapper.application; includeInIndex = 0; path = "CA-Tech-Dojo-LoginView-UIKit.app"; sourceTree = BUILT_PRODUCTS_DIR; };
		B2C3C20A2A10B0E000608318 /* AppDelegate.swift */ = {isa = PBXFileReference; lastKnownFileType = sourcecode.swift; path = AppDelegate.swift; sourceTree = "<group>"; };
		B2C3C20C2A10B0E000608318 /* SceneDelegate.swift */ = {isa = PBXFileReference; lastKnownFileType = sourcecode.swift; path = SceneDelegate.swift; sourceTree = "<group>"; };
		B2C3C20E2A10B0E000608318 /* ViewController.swift */ = {isa = PBXFileReference; lastKnownFileType = sourcecode.swift; path = ViewController.swift; sourceTree = "<group>"; };
		B2C3C2112A10B0E000608318 /* Base */ = {isa = PBXFileReference; lastKnownFileType = file.storyboard; name = Base; path = Base.lproj/Main.storyboard; sourceTree = "<group>"; };
		B2C3C2132A10B0E100608318 /* Assets.xcassets */ = {isa = PBXFileReference; lastKnownFileType = folder.assetcatalog; path = Assets.xcassets; sourceTree = "<group>"; };
		B2C3C2162A10B0E100608318 /* Base */ = {isa = PBXFileReference; lastKnownFileType = file.storyboard; name = Base; path = Base.lproj/LaunchScreen.storyboard; sourceTree = "<group>"; };
		B2C3C2182A10B0E100608318 /* Info.plist */ = {isa = PBXFileReference; lastKnownFileType = text.plist.xml; path = Info.plist; sourceTree = "<group>"; };
		B2C3C21D2A10B0E100608318 /* CA-Tech-Dojo-LoginView-UIKitTests.xctest */ = {isa = PBXFileReference; explicitFileType = wrapper.cfbundle; includeInIndex = 0; path = "CA-Tech-Dojo-LoginView-UIKitTests.xctest"; sourceTree = BUILT_PRODUCTS_DIR; };
		B2C3C2212A10B0E100608318 /* CA_Tech_Dojo_LoginView_UIKitTests.swift */ = {isa = PBXFileReference; lastKnownFileType = sourcecode.swift; path = CA_Tech_Dojo_LoginView_UIKitTests.swift; sourceTree = "<group>"; };
		B2C3C2272A10B0E100608318 /* CA-Tech-Dojo-LoginView-UIKitUITests.xctest */ = {isa = PBXFileReference; explicitFileType = wrapper.cfbundle; includeInIndex = 0; path = "CA-Tech-Dojo-LoginView-UIKitUITests.xctest"; sourceTree = BUILT_PRODUCTS_DIR; };
		B2C3C22B2A10B0E100608318 /* CA_Tech_Dojo_LoginView_UIKitUITests.swift */ = {isa = PBXFileReference; lastKnownFileType = sourcecode.swift; path = CA_Tech_Dojo_LoginView_UIKitUITests.swift; sourceTree = "<group>"; };
		B2C3C22D2A10B0E100608318 /* CA_Tech_Dojo_LoginView_UIKitUITestsLaunchTests.swift */ = {isa = PBXFileReference; lastKnownFileType = sourcecode.swift; path = CA_Tech_Dojo_LoginView_UIKitUITestsLaunchTests.swift; sourceTree = "<group>"; };
/* End PBXFileReference section */

/* Begin PBXFrameworksBuildPhase section */
		B2C3C2042A10B0E000608318 /* Frameworks */ = {
			isa = PBXFrameworksBuildPhase;
			buildActionMask = 2147483647;
			files = (
				B2C3C23F2A10B22900608318 /* CombineCocoa in Frameworks */,
				B2C3C23C2A10B21500608318 /* SnapKit in Frameworks */,
			);
			runOnlyForDeploymentPostprocessing = 0;
		};
		B2C3C21A2A10B0E100608318 /* Frameworks */ = {
			isa = PBXFrameworksBuildPhase;
			buildActionMask = 2147483647;
			files = (
			);
			runOnlyForDeploymentPostprocessing = 0;
		};
		B2C3C2242A10B0E100608318 /* Frameworks */ = {
			isa = PBXFrameworksBuildPhase;
			buildActionMask = 2147483647;
			files = (
			);
			runOnlyForDeploymentPostprocessing = 0;
		};
/* End PBXFrameworksBuildPhase section */

/* Begin PBXGroup section */
		B2C3C1FE2A10B0E000608318 = {
			isa = PBXGroup;
			children = (
				B2C3C2092A10B0E000608318 /* CA-Tech-Dojo-LoginView-UIKit */,
				B2C3C2202A10B0E100608318 /* CA-Tech-Dojo-LoginView-UIKitTests */,
				B2C3C22A2A10B0E100608318 /* CA-Tech-Dojo-LoginView-UIKitUITests */,
				B2C3C2082A10B0E000608318 /* Products */,
			);
			sourceTree = "<group>";
		};
		B2C3C2082A10B0E000608318 /* Products */ = {
			isa = PBXGroup;
			children = (
				B2C3C2072A10B0E000608318 /* CA-Tech-Dojo-LoginView-UIKit.app */,
				B2C3C21D2A10B0E100608318 /* CA-Tech-Dojo-LoginView-UIKitTests.xctest */,
				B2C3C2272A10B0E100608318 /* CA-Tech-Dojo-LoginView-UIKitUITests.xctest */,
			);
			name = Products;
			sourceTree = "<group>";
		};
		B2C3C2092A10B0E000608318 /* CA-Tech-Dojo-LoginView-UIKit */ = {
			isa = PBXGroup;
			children = (
				B2C3C20A2A10B0E000608318 /* AppDelegate.swift */,
				B2C3C20C2A10B0E000608318 /* SceneDelegate.swift */,
				B2C3C20E2A10B0E000608318 /* ViewController.swift */,
				B2C3C2102A10B0E000608318 /* Main.storyboard */,
				B2C3C2132A10B0E100608318 /* Assets.xcassets */,
				B2C3C2152A10B0E100608318 /* LaunchScreen.storyboard */,
				B2C3C2182A10B0E100608318 /* Info.plist */,
			);
			path = "CA-Tech-Dojo-LoginView-UIKit";
			sourceTree = "<group>";
		};
		B2C3C2202A10B0E100608318 /* CA-Tech-Dojo-LoginView-UIKitTests */ = {
			isa = PBXGroup;
			children = (
				B2C3C2212A10B0E100608318 /* CA_Tech_Dojo_LoginView_UIKitTests.swift */,
			);
			path = "CA-Tech-Dojo-LoginView-UIKitTests";
			sourceTree = "<group>";
		};
		B2C3C22A2A10B0E100608318 /* CA-Tech-Dojo-LoginView-UIKitUITests */ = {
			isa = PBXGroup;
			children = (
				B2C3C22B2A10B0E100608318 /* CA_Tech_Dojo_LoginView_UIKitUITests.swift */,
				B2C3C22D2A10B0E100608318 /* CA_Tech_Dojo_LoginView_UIKitUITestsLaunchTests.swift */,
			);
			path = "CA-Tech-Dojo-LoginView-UIKitUITests";
			sourceTree = "<group>";
		};
/* End PBXGroup section */

/* Begin PBXNativeTarget section */
		B2C3C2062A10B0E000608318 /* CA-Tech-Dojo-LoginView-UIKit */ = {
			isa = PBXNativeTarget;
			buildConfigurationList = B2C3C2312A10B0E100608318 /* Build configuration list for PBXNativeTarget "CA-Tech-Dojo-LoginView-UIKit" */;
			buildPhases = (
				B2C3C2032A10B0E000608318 /* Sources */,
				B2C3C2042A10B0E000608318 /* Frameworks */,
				B2C3C2052A10B0E000608318 /* Resources */,
			);
			buildRules = (
			);
			dependencies = (
			);
			name = "CA-Tech-Dojo-LoginView-UIKit";
			packageProductDependencies = (
				B2C3C23B2A10B21500608318 /* SnapKit */,
				B2C3C23E2A10B22900608318 /* CombineCocoa */,
			);
			productName = "CA-Tech-Dojo-LoginView-UIKit";
			productReference = B2C3C2072A10B0E000608318 /* CA-Tech-Dojo-LoginView-UIKit.app */;
			productType = "com.apple.product-type.application";
		};
		B2C3C21C2A10B0E100608318 /* CA-Tech-Dojo-LoginView-UIKitTests */ = {
			isa = PBXNativeTarget;
			buildConfigurationList = B2C3C2342A10B0E100608318 /* Build configuration list for PBXNativeTarget "CA-Tech-Dojo-LoginView-UIKitTests" */;
			buildPhases = (
				B2C3C2192A10B0E100608318 /* Sources */,
				B2C3C21A2A10B0E100608318 /* Frameworks */,
				B2C3C21B2A10B0E100608318 /* Resources */,
			);
			buildRules = (
			);
			dependencies = (
				B2C3C21F2A10B0E100608318 /* PBXTargetDependency */,
			);
			name = "CA-Tech-Dojo-LoginView-UIKitTests";
			productName = "CA-Tech-Dojo-LoginView-UIKitTests";
			productReference = B2C3C21D2A10B0E100608318 /* CA-Tech-Dojo-LoginView-UIKitTests.xctest */;
			productType = "com.apple.product-type.bundle.unit-test";
		};
		B2C3C2262A10B0E100608318 /* CA-Tech-Dojo-LoginView-UIKitUITests */ = {
			isa = PBXNativeTarget;
			buildConfigurationList = B2C3C2372A10B0E100608318 /* Build configuration list for PBXNativeTarget "CA-Tech-Dojo-LoginView-UIKitUITests" */;
			buildPhases = (
				B2C3C2232A10B0E100608318 /* Sources */,
				B2C3C2242A10B0E100608318 /* Frameworks */,
				B2C3C2252A10B0E100608318 /* Resources */,
			);
			buildRules = (
			);
			dependencies = (
				B2C3C2292A10B0E100608318 /* PBXTargetDependency */,
			);
			name = "CA-Tech-Dojo-LoginView-UIKitUITests";
			productName = "CA-Tech-Dojo-LoginView-UIKitUITests";
			productReference = B2C3C2272A10B0E100608318 /* CA-Tech-Dojo-LoginView-UIKitUITests.xctest */;
			productType = "com.apple.product-type.bundle.ui-testing";
		};
/* End PBXNativeTarget section */

/* Begin PBXProject section */
		B2C3C1FF2A10B0E000608318 /* Project object */ = {
			isa = PBXProject;
			attributes = {
				BuildIndependentTargetsInParallel = 1;
				LastSwiftUpdateCheck = 1430;
				LastUpgradeCheck = 1430;
				TargetAttributes = {
					B2C3C2062A10B0E000608318 = {
						CreatedOnToolsVersion = 14.3;
					};
					B2C3C21C2A10B0E100608318 = {
						CreatedOnToolsVersion = 14.3;
						TestTargetID = B2C3C2062A10B0E000608318;
					};
					B2C3C2262A10B0E100608318 = {
						CreatedOnToolsVersion = 14.3;
						TestTargetID = B2C3C2062A10B0E000608318;
					};
				};
			};
			buildConfigurationList = B2C3C2022A10B0E000608318 /* Build configuration list for PBXProject "CA-Tech-Dojo-LoginView-UIKit" */;
			compatibilityVersion = "Xcode 14.0";
			developmentRegion = en;
			hasScannedForEncodings = 0;
			knownRegions = (
				en,
				Base,
			);
			mainGroup = B2C3C1FE2A10B0E000608318;
			packageReferences = (
				B2C3C23A2A10B21500608318 /* XCRemoteSwiftPackageReference "SnapKit" */,
				B2C3C23D2A10B22900608318 /* XCRemoteSwiftPackageReference "CombineCocoa" */,
			);
			productRefGroup = B2C3C2082A10B0E000608318 /* Products */;
			projectDirPath = "";
			projectRoot = "";
			targets = (
				B2C3C2062A10B0E000608318 /* CA-Tech-Dojo-LoginView-UIKit */,
				B2C3C21C2A10B0E100608318 /* CA-Tech-Dojo-LoginView-UIKitTests */,
				B2C3C2262A10B0E100608318 /* CA-Tech-Dojo-LoginView-UIKitUITests */,
			);
		};
/* End PBXProject section */

/* Begin PBXResourcesBuildPhase section */
		B2C3C2052A10B0E000608318 /* Resources */ = {
			isa = PBXResourcesBuildPhase;
			buildActionMask = 2147483647;
			files = (
				B2C3C2172A10B0E100608318 /* LaunchScreen.storyboard in Resources */,
				B2C3C2142A10B0E100608318 /* Assets.xcassets in Resources */,
				B2C3C2122A10B0E000608318 /* Main.storyboard in Resources */,
			);
			runOnlyForDeploymentPostprocessing = 0;
		};
		B2C3C21B2A10B0E100608318 /* Resources */ = {
			isa = PBXResourcesBuildPhase;
			buildActionMask = 2147483647;
			files = (
			);
			runOnlyForDeploymentPostprocessing = 0;
		};
		B2C3C2252A10B0E100608318 /* Resources */ = {
			isa = PBXResourcesBuildPhase;
			buildActionMask = 2147483647;
			files = (
			);
			runOnlyForDeploymentPostprocessing = 0;
		};
/* End PBXResourcesBuildPhase section */

/* Begin PBXSourcesBuildPhase section */
		B2C3C2032A10B0E000608318 /* Sources */ = {
			isa = PBXSourcesBuildPhase;
			buildActionMask = 2147483647;
			files = (
				B2C3C20F2A10B0E000608318 /* ViewController.swift in Sources */,
				B2C3C20B2A10B0E000608318 /* AppDelegate.swift in Sources */,
				B2C3C20D2A10B0E000608318 /* SceneDelegate.swift in Sources */,
			);
			runOnlyForDeploymentPostprocessing = 0;
		};
		B2C3C2192A10B0E100608318 /* Sources */ = {
			isa = PBXSourcesBuildPhase;
			buildActionMask = 2147483647;
			files = (
				B2C3C2222A10B0E100608318 /* CA_Tech_Dojo_LoginView_UIKitTests.swift in Sources */,
			);
			runOnlyForDeploymentPostprocessing = 0;
		};
		B2C3C2232A10B0E100608318 /* Sources */ = {
			isa = PBXSourcesBuildPhase;
			buildActionMask = 2147483647;
			files = (
				B2C3C22E2A10B0E100608318 /* CA_Tech_Dojo_LoginView_UIKitUITestsLaunchTests.swift in Sources */,
				B2C3C22C2A10B0E100608318 /* CA_Tech_Dojo_LoginView_UIKitUITests.swift in Sources */,
			);
			runOnlyForDeploymentPostprocessing = 0;
		};
/* End PBXSourcesBuildPhase section */

/* Begin PBXTargetDependency section */
		B2C3C21F2A10B0E100608318 /* PBXTargetDependency */ = {
			isa = PBXTargetDependency;
			target = B2C3C2062A10B0E000608318 /* CA-Tech-Dojo-LoginView-UIKit */;
			targetProxy = B2C3C21E2A10B0E100608318 /* PBXContainerItemProxy */;
		};
		B2C3C2292A10B0E100608318 /* PBXTargetDependency */ = {
			isa = PBXTargetDependency;
			target = B2C3C2062A10B0E000608318 /* CA-Tech-Dojo-LoginView-UIKit */;
			targetProxy = B2C3C2282A10B0E100608318 /* PBXContainerItemProxy */;
		};
/* End PBXTargetDependency section */

/* Begin PBXVariantGroup section */
		B2C3C2102A10B0E000608318 /* Main.storyboard */ = {
			isa = PBXVariantGroup;
			children = (
				B2C3C2112A10B0E000608318 /* Base */,
			);
			name = Main.storyboard;
			sourceTree = "<group>";
		};
		B2C3C2152A10B0E100608318 /* LaunchScreen.storyboard */ = {
			isa = PBXVariantGroup;
			children = (
				B2C3C2162A10B0E100608318 /* Base */,
			);
			name = LaunchScreen.storyboard;
			sourceTree = "<group>";
		};
/* End PBXVariantGroup section */

/* Begin XCBuildConfiguration section */
		B2C3C22F2A10B0E100608318 /* Debug */ = {
			isa = XCBuildConfiguration;
			buildSettings = {
				ALWAYS_SEARCH_USER_PATHS = NO;
				CLANG_ANALYZER_NONNULL = YES;
				CLANG_ANALYZER_NUMBER_OBJECT_CONVERSION = YES_AGGRESSIVE;
				CLANG_CXX_LANGUAGE_STANDARD = "gnu++20";
				CLANG_ENABLE_MODULES = YES;
				CLANG_ENABLE_OBJC_ARC = YES;
				CLANG_ENABLE_OBJC_WEAK = YES;
				CLANG_WARN_BLOCK_CAPTURE_AUTORELEASING = YES;
				CLANG_WARN_BOOL_CONVERSION = YES;
				CLANG_WARN_COMMA = YES;
				CLANG_WARN_CONSTANT_CONVERSION = YES;
				CLANG_WARN_DEPRECATED_OBJC_IMPLEMENTATIONS = YES;
				CLANG_WARN_DIRECT_OBJC_ISA_USAGE = YES_ERROR;
				CLANG_WARN_DOCUMENTATION_COMMENTS = YES;
				CLANG_WARN_EMPTY_BODY = YES;
				CLANG_WARN_ENUM_CONVERSION = YES;
				CLANG_WARN_INFINITE_RECURSION = YES;
				CLANG_WARN_INT_CONVERSION = YES;
				CLANG_WARN_NON_LITERAL_NULL_CONVERSION = YES;
				CLANG_WARN_OBJC_IMPLICIT_RETAIN_SELF = YES;
				CLANG_WARN_OBJC_LITERAL_CONVERSION = YES;
				CLANG_WARN_OBJC_ROOT_CLASS = YES_ERROR;
				CLANG_WARN_QUOTED_INCLUDE_IN_FRAMEWORK_HEADER = YES;
				CLANG_WARN_RANGE_LOOP_ANALYSIS = YES;
				CLANG_WARN_STRICT_PROTOTYPES = YES;
				CLANG_WARN_SUSPICIOUS_MOVE = YES;
				CLANG_WARN_UNGUARDED_AVAILABILITY = YES_AGGRESSIVE;
				CLANG_WARN_UNREACHABLE_CODE = YES;
				CLANG_WARN__DUPLICATE_METHOD_MATCH = YES;
				COPY_PHASE_STRIP = NO;
				DEBUG_INFORMATION_FORMAT = dwarf;
				ENABLE_STRICT_OBJC_MSGSEND = YES;
				ENABLE_TESTABILITY = YES;
				GCC_C_LANGUAGE_STANDARD = gnu11;
				GCC_DYNAMIC_NO_PIC = NO;
				GCC_NO_COMMON_BLOCKS = YES;
				GCC_OPTIMIZATION_LEVEL = 0;
				GCC_PREPROCESSOR_DEFINITIONS = (
					"DEBUG=1",
					"$(inherited)",
				);
				GCC_WARN_64_TO_32_BIT_CONVERSION = YES;
				GCC_WARN_ABOUT_RETURN_TYPE = YES_ERROR;
				GCC_WARN_UNDECLARED_SELECTOR = YES;
				GCC_WARN_UNINITIALIZED_AUTOS = YES_AGGRESSIVE;
				GCC_WARN_UNUSED_FUNCTION = YES;
				GCC_WARN_UNUSED_VARIABLE = YES;
				IPHONEOS_DEPLOYMENT_TARGET = 16.4;
				MTL_ENABLE_DEBUG_INFO = INCLUDE_SOURCE;
				MTL_FAST_MATH = YES;
				ONLY_ACTIVE_ARCH = YES;
				SDKROOT = iphoneos;
				SWIFT_ACTIVE_COMPILATION_CONDITIONS = DEBUG;
				SWIFT_OPTIMIZATION_LEVEL = "-Onone";
			};
			name = Debug;
		};
		B2C3C2302A10B0E100608318 /* Release */ = {
			isa = XCBuildConfiguration;
			buildSettings = {
				ALWAYS_SEARCH_USER_PATHS = NO;
				CLANG_ANALYZER_NONNULL = YES;
				CLANG_ANALYZER_NUMBER_OBJECT_CONVERSION = YES_AGGRESSIVE;
				CLANG_CXX_LANGUAGE_STANDARD = "gnu++20";
				CLANG_ENABLE_MODULES = YES;
				CLANG_ENABLE_OBJC_ARC = YES;
				CLANG_ENABLE_OBJC_WEAK = YES;
				CLANG_WARN_BLOCK_CAPTURE_AUTORELEASING = YES;
				CLANG_WARN_BOOL_CONVERSION = YES;
				CLANG_WARN_COMMA = YES;
				CLANG_WARN_CONSTANT_CONVERSION = YES;
				CLANG_WARN_DEPRECATED_OBJC_IMPLEMENTATIONS = YES;
				CLANG_WARN_DIRECT_OBJC_ISA_USAGE = YES_ERROR;
				CLANG_WARN_DOCUMENTATION_COMMENTS = YES;
				CLANG_WARN_EMPTY_BODY = YES;
				CLANG_WARN_ENUM_CONVERSION = YES;
				CLANG_WARN_INFINITE_RECURSION = YES;
				CLANG_WARN_INT_CONVERSION = YES;
				CLANG_WARN_NON_LITERAL_NULL_CONVERSION = YES;
				CLANG_WARN_OBJC_IMPLICIT_RETAIN_SELF = YES;
				CLANG_WARN_OBJC_LITERAL_CONVERSION = YES;
				CLANG_WARN_OBJC_ROOT_CLASS = YES_ERROR;
				CLANG_WARN_QUOTED_INCLUDE_IN_FRAMEWORK_HEADER = YES;
				CLANG_WARN_RANGE_LOOP_ANALYSIS = YES;
				CLANG_WARN_STRICT_PROTOTYPES = YES;
				CLANG_WARN_SUSPICIOUS_MOVE = YES;
				CLANG_WARN_UNGUARDED_AVAILABILITY = YES_AGGRESSIVE;
				CLANG_WARN_UNREACHABLE_CODE = YES;
				CLANG_WARN__DUPLICATE_METHOD_MATCH = YES;
				COPY_PHASE_STRIP = NO;
				DEBUG_INFORMATION_FORMAT = "dwarf-with-dsym";
				ENABLE_NS_ASSERTIONS = NO;
				ENABLE_STRICT_OBJC_MSGSEND = YES;
				GCC_C_LANGUAGE_STANDARD = gnu11;
				GCC_NO_COMMON_BLOCKS = YES;
				GCC_WARN_64_TO_32_BIT_CONVERSION = YES;
				GCC_WARN_ABOUT_RETURN_TYPE = YES_ERROR;
				GCC_WARN_UNDECLARED_SELECTOR = YES;
				GCC_WARN_UNINITIALIZED_AUTOS = YES_AGGRESSIVE;
				GCC_WARN_UNUSED_FUNCTION = YES;
				GCC_WARN_UNUSED_VARIABLE = YES;
				IPHONEOS_DEPLOYMENT_TARGET = 16.4;
				MTL_ENABLE_DEBUG_INFO = NO;
				MTL_FAST_MATH = YES;
				SDKROOT = iphoneos;
				SWIFT_COMPILATION_MODE = wholemodule;
				SWIFT_OPTIMIZATION_LEVEL = "-O";
				VALIDATE_PRODUCT = YES;
			};
			name = Release;
		};
		B2C3C2322A10B0E100608318 /* Debug */ = {
			isa = XCBuildConfiguration;
			buildSettings = {
				ASSETCATALOG_COMPILER_APPICON_NAME = AppIcon;
				ASSETCATALOG_COMPILER_GLOBAL_ACCENT_COLOR_NAME = AccentColor;
				CODE_SIGN_STYLE = Automatic;
				CURRENT_PROJECT_VERSION = 1;
				DEVELOPMENT_TEAM = N4KYPFFB9X;
				GENERATE_INFOPLIST_FILE = YES;
				INFOPLIST_FILE = "CA-Tech-Dojo-LoginView-UIKit/Info.plist";
				INFOPLIST_KEY_UIApplicationSupportsIndirectInputEvents = YES;
				INFOPLIST_KEY_UILaunchStoryboardName = LaunchScreen;
				INFOPLIST_KEY_UIMainStoryboardFile = Main;
				INFOPLIST_KEY_UISupportedInterfaceOrientations_iPad = "UIInterfaceOrientationPortrait UIInterfaceOrientationPortraitUpsideDown UIInterfaceOrientationLandscapeLeft UIInterfaceOrientationLandscapeRight";
				INFOPLIST_KEY_UISupportedInterfaceOrientations_iPhone = "UIInterfaceOrientationPortrait UIInterfaceOrientationLandscapeLeft UIInterfaceOrientationLandscapeRight";
				LD_RUNPATH_SEARCH_PATHS = (
					"$(inherited)",
					"@executable_path/Frameworks",
				);
				MARKETING_VERSION = 1.0;
				PRODUCT_BUNDLE_IDENTIFIER = "com.kamijo.CA-Tech-Dojo-LoginView-UIKit";
				PRODUCT_NAME = "$(TARGET_NAME)";
				SWIFT_EMIT_LOC_STRINGS = YES;
				SWIFT_VERSION = 5.0;
				TARGETED_DEVICE_FAMILY = "1,2";
			};
			name = Debug;
		};
		B2C3C2332A10B0E100608318 /* Release */ = {
			isa = XCBuildConfiguration;
			buildSettings = {
				ASSETCATALOG_COMPILER_APPICON_NAME = AppIcon;
				ASSETCATALOG_COMPILER_GLOBAL_ACCENT_COLOR_NAME = AccentColor;
				CODE_SIGN_STYLE = Automatic;
				CURRENT_PROJECT_VERSION = 1;
				DEVELOPMENT_TEAM = N4KYPFFB9X;
				GENERATE_INFOPLIST_FILE = YES;
				INFOPLIST_FILE = "CA-Tech-Dojo-LoginView-UIKit/Info.plist";
				INFOPLIST_KEY_UIApplicationSupportsIndirectInputEvents = YES;
				INFOPLIST_KEY_UILaunchStoryboardName = LaunchScreen;
				INFOPLIST_KEY_UIMainStoryboardFile = Main;
				INFOPLIST_KEY_UISupportedInterfaceOrientations_iPad = "UIInterfaceOrientationPortrait UIInterfaceOrientationPortraitUpsideDown UIInterfaceOrientationLandscapeLeft UIInterfaceOrientationLandscapeRight";
				INFOPLIST_KEY_UISupportedInterfaceOrientations_iPhone = "UIInterfaceOrientationPortrait UIInterfaceOrientationLandscapeLeft UIInterfaceOrientationLandscapeRight";
				LD_RUNPATH_SEARCH_PATHS = (
					"$(inherited)",
					"@executable_path/Frameworks",
				);
				MARKETING_VERSION = 1.0;
				PRODUCT_BUNDLE_IDENTIFIER = "com.kamijo.CA-Tech-Dojo-LoginView-UIKit";
				PRODUCT_NAME = "$(TARGET_NAME)";
				SWIFT_EMIT_LOC_STRINGS = YES;
				SWIFT_VERSION = 5.0;
				TARGETED_DEVICE_FAMILY = "1,2";
			};
			name = Release;
		};
		B2C3C2352A10B0E100608318 /* Debug */ = {
			isa = XCBuildConfiguration;
			buildSettings = {
				ALWAYS_EMBED_SWIFT_STANDARD_LIBRARIES = YES;
				BUNDLE_LOADER = "$(TEST_HOST)";
				CODE_SIGN_STYLE = Automatic;
				CURRENT_PROJECT_VERSION = 1;
				DEVELOPMENT_TEAM = N4KYPFFB9X;
				GENERATE_INFOPLIST_FILE = YES;
				IPHONEOS_DEPLOYMENT_TARGET = 16.4;
				MARKETING_VERSION = 1.0;
				PRODUCT_BUNDLE_IDENTIFIER = "com.kamijo.CA-Tech-Dojo-LoginView-UIKitTests";
				PRODUCT_NAME = "$(TARGET_NAME)";
				SWIFT_EMIT_LOC_STRINGS = NO;
				SWIFT_VERSION = 5.0;
				TARGETED_DEVICE_FAMILY = "1,2";
				TEST_HOST = "$(BUILT_PRODUCTS_DIR)/CA-Tech-Dojo-LoginView-UIKit.app/$(BUNDLE_EXECUTABLE_FOLDER_PATH)/CA-Tech-Dojo-LoginView-UIKit";
			};
			name = Debug;
		};
		B2C3C2362A10B0E100608318 /* Release */ = {
			isa = XCBuildConfiguration;
			buildSettings = {
				ALWAYS_EMBED_SWIFT_STANDARD_LIBRARIES = YES;
				BUNDLE_LOADER = "$(TEST_HOST)";
				CODE_SIGN_STYLE = Automatic;
				CURRENT_PROJECT_VERSION = 1;
				DEVELOPMENT_TEAM = N4KYPFFB9X;
				GENERATE_INFOPLIST_FILE = YES;
				IPHONEOS_DEPLOYMENT_TARGET = 16.4;
				MARKETING_VERSION = 1.0;
				PRODUCT_BUNDLE_IDENTIFIER = "com.kamijo.CA-Tech-Dojo-LoginView-UIKitTests";
				PRODUCT_NAME = "$(TARGET_NAME)";
				SWIFT_EMIT_LOC_STRINGS = NO;
				SWIFT_VERSION = 5.0;
				TARGETED_DEVICE_FAMILY = "1,2";
				TEST_HOST = "$(BUILT_PRODUCTS_DIR)/CA-Tech-Dojo-LoginView-UIKit.app/$(BUNDLE_EXECUTABLE_FOLDER_PATH)/CA-Tech-Dojo-LoginView-UIKit";
			};
			name = Release;
		};
		B2C3C2382A10B0E100608318 /* Debug */ = {
			isa = XCBuildConfiguration;
			buildSettings = {
				ALWAYS_EMBED_SWIFT_STANDARD_LIBRARIES = YES;
				CODE_SIGN_STYLE = Automatic;
				CURRENT_PROJECT_VERSION = 1;
				DEVELOPMENT_TEAM = N4KYPFFB9X;
				GENERATE_INFOPLIST_FILE = YES;
				MARKETING_VERSION = 1.0;
				PRODUCT_BUNDLE_IDENTIFIER = "com.kamijo.CA-Tech-Dojo-LoginView-UIKitUITests";
				PRODUCT_NAME = "$(TARGET_NAME)";
				SWIFT_EMIT_LOC_STRINGS = NO;
				SWIFT_VERSION = 5.0;
				TARGETED_DEVICE_FAMILY = "1,2";
				TEST_TARGET_NAME = "CA-Tech-Dojo-LoginView-UIKit";
			};
			name = Debug;
		};
		B2C3C2392A10B0E100608318 /* Release */ = {
			isa = XCBuildConfiguration;
			buildSettings = {
				ALWAYS_EMBED_SWIFT_STANDARD_LIBRARIES = YES;
				CODE_SIGN_STYLE = Automatic;
				CURRENT_PROJECT_VERSION = 1;
				DEVELOPMENT_TEAM = N4KYPFFB9X;
				GENERATE_INFOPLIST_FILE = YES;
				MARKETING_VERSION = 1.0;
				PRODUCT_BUNDLE_IDENTIFIER = "com.kamijo.CA-Tech-Dojo-LoginView-UIKitUITests";
				PRODUCT_NAME = "$(TARGET_NAME)";
				SWIFT_EMIT_LOC_STRINGS = NO;
				SWIFT_VERSION = 5.0;
				TARGETED_DEVICE_FAMILY = "1,2";
				TEST_TARGET_NAME = "CA-Tech-Dojo-LoginView-UIKit";
			};
			name = Release;
		};
/* End XCBuildConfiguration section */

/* Begin XCConfigurationList section */
		B2C3C2022A10B0E000608318 /* Build configuration list for PBXProject "CA-Tech-Dojo-LoginView-UIKit" */ = {
			isa = XCConfigurationList;
			buildConfigurations = (
				B2C3C22F2A10B0E100608318 /* Debug */,
				B2C3C2302A10B0E100608318 /* Release */,
			);
			defaultConfigurationIsVisible = 0;
			defaultConfigurationName = Release;
		};
		B2C3C2312A10B0E100608318 /* Build configuration list for PBXNativeTarget "CA-Tech-Dojo-LoginView-UIKit" */ = {
			isa = XCConfigurationList;
			buildConfigurations = (
				B2C3C2322A10B0E100608318 /* Debug */,
				B2C3C2332A10B0E100608318 /* Release */,
			);
			defaultConfigurationIsVisible = 0;
			defaultConfigurationName = Release;
		};
		B2C3C2342A10B0E100608318 /* Build configuration list for PBXNativeTarget "CA-Tech-Dojo-LoginView-UIKitTests" */ = {
			isa = XCConfigurationList;
			buildConfigurations = (
				B2C3C2352A10B0E100608318 /* Debug */,
				B2C3C2362A10B0E100608318 /* Release */,
			);
			defaultConfigurationIsVisible = 0;
			defaultConfigurationName = Release;
		};
		B2C3C2372A10B0E100608318 /* Build configuration list for PBXNativeTarget "CA-Tech-Dojo-LoginView-UIKitUITests" */ = {
			isa = XCConfigurationList;
			buildConfigurations = (
				B2C3C2382A10B0E100608318 /* Debug */,
				B2C3C2392A10B0E100608318 /* Release */,
			);
			defaultConfigurationIsVisible = 0;
			defaultConfigurationName = Release;
		};
/* End XCConfigurationList section */

/* Begin XCRemoteSwiftPackageReference section */
		B2C3C23A2A10B21500608318 /* XCRemoteSwiftPackageReference "SnapKit" */ = {
			isa = XCRemoteSwiftPackageReference;
			repositoryURL = "https://github.com/SnapKit/SnapKit.git";
			requirement = {
				kind = upToNextMajorVersion;
				minimumVersion = 5.0.0;
			};
		};
		B2C3C23D2A10B22900608318 /* XCRemoteSwiftPackageReference "CombineCocoa" */ = {
			isa = XCRemoteSwiftPackageReference;
			repositoryURL = "https://github.com/CombineCommunity/CombineCocoa.git";
			requirement = {
				kind = upToNextMajorVersion;
				minimumVersion = 0.4.1;
			};
		};
/* End XCRemoteSwiftPackageReference section */

/* Begin XCSwiftPackageProductDependency section */
		B2C3C23B2A10B21500608318 /* SnapKit */ = {
			isa = XCSwiftPackageProductDependency;
			package = B2C3C23A2A10B21500608318 /* XCRemoteSwiftPackageReference "SnapKit" */;
			productName = SnapKit;
		};
		B2C3C23E2A10B22900608318 /* CombineCocoa */ = {
			isa = XCSwiftPackageProductDependency;
			package = B2C3C23D2A10B22900608318 /* XCRemoteSwiftPackageReference "CombineCocoa" */;
			productName = CombineCocoa;
		};
/* End XCSwiftPackageProductDependency section */
	};
	rootObject = B2C3C1FF2A10B0E000608318 /* Project object */;
}
